
Microsoft Visual Studio Solution File, Format Version 12.00
# Visual Studio Version 17
VisualStudioVersion = 17.5.33516.290
MinimumVisualStudioVersion = 10.0.40219.1
Project("{FAE04EC0-301F-11D3-BF4B-00C04F79EFBC}") = "Calculator", "Calculator\Calculator.csproj", "{36E6F849-1820-4058-A77E-B2201991BF37}"
EndProject
Global
	GlobalSection(SolutionConfigurationPlatforms) = preSolution
		Debug|Any CPU = Debug|Any CPU
		Release|Any CPU = Release|Any CPU
	EndGlobalSection
	GlobalSection(ProjectConfigurationPlatforms) = postSolution
		{36E6F849-1820-4058-A77E-B2201991BF37}.Debug|Any CPU.ActiveCfg = Debug|Any CPU
		{36E6F849-1820-4058-A77E-B2201991BF37}.Debug|Any CPU.Build.0 = Debug|Any CPU
		{36E6F849-1820-4058-A77E-B2201991BF37}.Release|Any CPU.ActiveCfg = Release|Any CPU
		{36E6F849-1820-4058-A77E-B2201991BF37}.Release|Any CPU.Build.0 = Release|Any CPU
	EndGlobalSection
	GlobalSection(SolutionProperties) = preSolution
		HideSolutionNode = FALSE
	EndGlobalSection
	GlobalSection(ExtensibilityGlobals) = postSolution
		SolutionGuid = {6D538928-F0D7-40C0-9D37-86B2AC88ACE2}
	EndGlobalSection
EndGlobal
